# This file is automatically @generated by Cargo.
# It is not intended for manual editing.
[[package]]
name = "part1-broken-alert"
version = "0.1.0"

[[package]]
name = "part1-custom-alert"
version = "0.1.0"

[[package]]
name = "part1-julia-set"
version = "0.1.0"

[[package]]
name = "part1-working-alert"
version = "0.1.0"

